
Microsoft Visual Studio Solution File, Format Version 12.00
# Visual Studio 15
VisualStudioVersion = 15.0.27428.1
MinimumVisualStudioVersion = 10.0.40219.1
Project("{FAE04EC0-301F-11D3-BF4B-00C04F79EFBC}") = "TransposeBy", "TransposeBy\TransposeBy.csproj", "{30ABAE08-2585-4DCC-9ED1-D1F753629F6F}"
EndProject
Global
	GlobalSection(SolutionConfigurationPlatforms) = preSolution
		Debug|Any CPU = Debug|Any CPU
		Release|Any CPU = Release|Any CPU
	EndGlobalSection
	GlobalSection(ProjectConfigurationPlatforms) = postSolution
		{30ABAE08-2585-4DCC-9ED1-D1F753629F6F}.Debug|Any CPU.ActiveCfg = Debug|Any CPU
		{30ABAE08-2585-4DCC-9ED1-D1F753629F6F}.Debug|Any CPU.Build.0 = Debug|Any CPU
		{30ABAE08-2585-4DCC-9ED1-D1F753629F6F}.Release|Any CPU.ActiveCfg = Release|Any CPU
		{30ABAE08-2585-4DCC-9ED1-D1F753629F6F}.Release|Any CPU.Build.0 = Release|Any CPU
	EndGlobalSection
	GlobalSection(SolutionProperties) = preSolution
		HideSolutionNode = FALSE
	EndGlobalSection
	GlobalSection(ExtensibilityGlobals) = postSolution
		SolutionGuid = {7934224B-7CD7-49AF-A90E-92DEF60018DA}
	EndGlobalSection
EndGlobal
